
Microsoft Visual Studio Solution File, Format Version 12.00
# Visual Studio Version 16
VisualStudioVersion = 25.0.1706.4
MinimumVisualStudioVersion = 10.0.40219.1
Project("{FAE04EC0-301F-11D3-BF4B-00C04F79EFBC}") = "ScsMarketplace.V2", "ScsMarketplace.V2\ScsMarketplace.V2.csproj", "{BB7153BA-82BD-4E05-A50E-22F0AE5DDAD1}"
EndProject
Project("{FAE04EC0-301F-11D3-BF4B-00C04F79EFBC}") = "AuthenticationService", "AuthenticationService\AuthenticationService.csproj", "{1ED3D322-6E7F-4282-AEA9-727D698B7163}"
EndProject
Project("{FAE04EC0-301F-11D3-BF4B-00C04F79EFBC}") = "ScsMarketplace.API", "ScsMarketplace.API\ScsMarketplace.API.csproj", "{36C06D23-6C49-4DFD-84DB-D79A1D683474}"
EndProject
Global
	GlobalSection(SolutionConfigurationPlatforms) = preSolution
		Debug|Any CPU = Debug|Any CPU
		Release|Any CPU = Release|Any CPU
	EndGlobalSection
	GlobalSection(ProjectConfigurationPlatforms) = postSolution
		{BB7153BA-82BD-4E05-A50E-22F0AE5DDAD1}.Debug|Any CPU.ActiveCfg = Debug|Any CPU
		{BB7153BA-82BD-4E05-A50E-22F0AE5DDAD1}.Debug|Any CPU.Build.0 = Debug|Any CPU
		{BB7153BA-82BD-4E05-A50E-22F0AE5DDAD1}.Release|Any CPU.ActiveCfg = Release|Any CPU
		{BB7153BA-82BD-4E05-A50E-22F0AE5DDAD1}.Release|Any CPU.Build.0 = Release|Any CPU
		{6EE70AA7-9C03-4FF8-B297-C683D4447829}.Debug|Any CPU.ActiveCfg = Debug|Any CPU
		{6EE70AA7-9C03-4FF8-B297-C683D4447829}.Debug|Any CPU.Build.0 = Debug|Any CPU
		{6EE70AA7-9C03-4FF8-B297-C683D4447829}.Release|Any CPU.ActiveCfg = Release|Any CPU
		{6EE70AA7-9C03-4FF8-B297-C683D4447829}.Release|Any CPU.Build.0 = Release|Any CPU
		{1ED3D322-6E7F-4282-AEA9-727D698B7163}.Debug|Any CPU.ActiveCfg = Debug|Any CPU
		{1ED3D322-6E7F-4282-AEA9-727D698B7163}.Debug|Any CPU.Build.0 = Debug|Any CPU
		{1ED3D322-6E7F-4282-AEA9-727D698B7163}.Release|Any CPU.ActiveCfg = Release|Any CPU
		{1ED3D322-6E7F-4282-AEA9-727D698B7163}.Release|Any CPU.Build.0 = Release|Any CPU
		{36C06D23-6C49-4DFD-84DB-D79A1D683474}.Debug|Any CPU.ActiveCfg = Debug|Any CPU
		{36C06D23-6C49-4DFD-84DB-D79A1D683474}.Debug|Any CPU.Build.0 = Debug|Any CPU
		{36C06D23-6C49-4DFD-84DB-D79A1D683474}.Release|Any CPU.ActiveCfg = Release|Any CPU
		{36C06D23-6C49-4DFD-84DB-D79A1D683474}.Release|Any CPU.Build.0 = Release|Any CPU
	EndGlobalSection
	GlobalSection(SolutionProperties) = preSolution
		HideSolutionNode = FALSE
	EndGlobalSection
	GlobalSection(ExtensibilityGlobals) = postSolution
		SolutionGuid = {256AF143-B66B-4A9A-B9FD-50E70F86C2FB}
	EndGlobalSection
EndGlobal
